// !$*UTF8*$!
{
	archiveVersion = 1;
	classes = {
	};
	objectVersion = 50;
	objects = {

/* Begin PBXBuildFile section */
		7D415A392481009F00A66FB4 /* AppDelegate.swift in Sources */ = {isa = PBXBuildFile; fileRef = 7D415A382481009F00A66FB4 /* AppDelegate.swift */; };
		7D415A3B2481009F00A66FB4 /* SceneDelegate.swift in Sources */ = {isa = PBXBuildFile; fileRef = 7D415A3A2481009F00A66FB4 /* SceneDelegate.swift */; };
		7D415A42248100A000A66FB4 /* Assets.xcassets in Resources */ = {isa = PBXBuildFile; fileRef = 7D415A41248100A000A66FB4 /* Assets.xcassets */; };
		7D415A45248100A000A66FB4 /* LaunchScreen.storyboard in Resources */ = {isa = PBXBuildFile; fileRef = 7D415A43248100A000A66FB4 /* LaunchScreen.storyboard */; };
		7D415A522481011400A66FB4 /* OrdersTableViewController.swift in Sources */ = {isa = PBXBuildFile; fileRef = 7D415A502481011400A66FB4 /* OrdersTableViewController.swift */; };
		7D415A532481011400A66FB4 /* AddOrderViewController.swift in Sources */ = {isa = PBXBuildFile; fileRef = 7D415A512481011400A66FB4 /* AddOrderViewController.swift */; };
		7D415A562481015100A66FB4 /* Main.storyboard in Resources */ = {isa = PBXBuildFile; fileRef = 7D415A542481015100A66FB4 /* Main.storyboard */; };
		7D415A592481015C00A66FB4 /* OrderViewModel.swift in Sources */ = {isa = PBXBuildFile; fileRef = 7D415A572481015C00A66FB4 /* OrderViewModel.swift */; };
		7D415A5A2481015C00A66FB4 /* AddCoffeeOrderViewModel.swift in Sources */ = {isa = PBXBuildFile; fileRef = 7D415A582481015C00A66FB4 /* AddCoffeeOrderViewModel.swift */; };
		7D415A5C2481016500A66FB4 /* Order.swift in Sources */ = {isa = PBXBuildFile; fileRef = 7D415A5B2481016500A66FB4 /* Order.swift */; };
		7D415A5E2481016C00A66FB4 /* Webservice.swift in Sources */ = {isa = PBXBuildFile; fileRef = 7D415A5D2481016C00A66FB4 /* Webservice.swift */; };
/* End PBXBuildFile section */

/* Begin PBXFileReference section */
		7D415A352481009F00A66FB4 /* OrderCoffee.app */ = {isa = PBXFileReference; explicitFileType = wrapper.application; includeInIndex = 0; path = OrderCoffee.app; sourceTree = BUILT_PRODUCTS_DIR; };
		7D415A382481009F00A66FB4 /* AppDelegate.swift */ = {isa = PBXFileReference; lastKnownFileType = sourcecode.swift; path = AppDelegate.swift; sourceTree = "<group>"; };
		7D415A3A2481009F00A66FB4 /* SceneDelegate.swift */ = {isa = PBXFileReference; lastKnownFileType = sourcecode.swift; path = SceneDelegate.swift; sourceTree = "<group>"; };
		7D415A41248100A000A66FB4 /* Assets.xcassets */ = {isa = PBXFileReference; lastKnownFileType = folder.assetcatalog; path = Assets.xcassets; sourceTree = "<group>"; };
		7D415A44248100A000A66FB4 /* Base */ = {isa = PBXFileReference; lastKnownFileType = file.storyboard; name = Base; path = Base.lproj/LaunchScreen.storyboard; sourceTree = "<group>"; };
		7D415A46248100A000A66FB4 /* Info.plist */ = {isa = PBXFileReference; lastKnownFileType = text.plist.xml; path = Info.plist; sourceTree = "<group>"; };
		7D415A502481011400A66FB4 /* OrdersTableViewController.swift */ = {isa = PBXFileReference; fileEncoding = 4; lastKnownFileType = sourcecode.swift; path = OrdersTableViewController.swift; sourceTree = "<group>"; };
		7D415A512481011400A66FB4 /* AddOrderViewController.swift */ = {isa = PBXFileReference; fileEncoding = 4; lastKnownFileType = sourcecode.swift; path = AddOrderViewController.swift; sourceTree = "<group>"; };
		7D415A552481015100A66FB4 /* Base */ = {isa = PBXFileReference; lastKnownFileType = file.storyboard; name = Base; path = Base.lproj/Main.storyboard; sourceTree = "<group>"; };
		7D415A572481015C00A66FB4 /* OrderViewModel.swift */ = {isa = PBXFileReference; fileEncoding = 4; lastKnownFileType = sourcecode.swift; path = OrderViewModel.swift; sourceTree = "<group>"; };
		7D415A582481015C00A66FB4 /* AddCoffeeOrderViewModel.swift */ = {isa = PBXFileReference; fileEncoding = 4; lastKnownFileType = sourcecode.swift; path = AddCoffeeOrderViewModel.swift; sourceTree = "<group>"; };
		7D415A5B2481016500A66FB4 /* Order.swift */ = {isa = PBXFileReference; fileEncoding = 4; lastKnownFileType = sourcecode.swift; path = Order.swift; sourceTree = "<group>"; };
		7D415A5D2481016C00A66FB4 /* Webservice.swift */ = {isa = PBXFileReference; fileEncoding = 4; lastKnownFileType = sourcecode.swift; path = Webservice.swift; sourceTree = "<group>"; };
/* End PBXFileReference section */

/* Begin PBXFrameworksBuildPhase section */
		7D415A322481009F00A66FB4 /* Frameworks */ = {
			isa = PBXFrameworksBuildPhase;
			buildActionMask = 2147483647;
			files = (
			);
			runOnlyForDeploymentPostprocessing = 0;
		};
/* End PBXFrameworksBuildPhase section */

/* Begin PBXGroup section */
		7D415A2C2481009F00A66FB4 = {
			isa = PBXGroup;
			children = (
				7D415A372481009F00A66FB4 /* OrderCoffee */,
				7D415A362481009F00A66FB4 /* Products */,
			);
			sourceTree = "<group>";
		};
		7D415A362481009F00A66FB4 /* Products */ = {
			isa = PBXGroup;
			children = (
				7D415A352481009F00A66FB4 /* OrderCoffee.app */,
			);
			name = Products;
			sourceTree = "<group>";
		};
		7D415A372481009F00A66FB4 /* OrderCoffee */ = {
			isa = PBXGroup;
			children = (
				7D415A542481015100A66FB4 /* Main.storyboard */,
				7D415A4F248100D300A66FB4 /* ViewModels */,
				7D415A4E248100CD00A66FB4 /* Models */,
				7D415A4D248100BD00A66FB4 /* Controllers */,
				7D415A4C248100B500A66FB4 /* Services */,
				7D415A382481009F00A66FB4 /* AppDelegate.swift */,
				7D415A3A2481009F00A66FB4 /* SceneDelegate.swift */,
				7D415A41248100A000A66FB4 /* Assets.xcassets */,
				7D415A43248100A000A66FB4 /* LaunchScreen.storyboard */,
				7D415A46248100A000A66FB4 /* Info.plist */,
			);
			path = OrderCoffee;
			sourceTree = "<group>";
		};
		7D415A4C248100B500A66FB4 /* Services */ = {
			isa = PBXGroup;
			children = (
				7D415A5D2481016C00A66FB4 /* Webservice.swift */,
			);
			path = Services;
			sourceTree = "<group>";
		};
		7D415A4D248100BD00A66FB4 /* Controllers */ = {
			isa = PBXGroup;
			children = (
				7D415A512481011400A66FB4 /* AddOrderViewController.swift */,
				7D415A502481011400A66FB4 /* OrdersTableViewController.swift */,
			);
			path = Controllers;
			sourceTree = "<group>";
		};
		7D415A4E248100CD00A66FB4 /* Models */ = {
			isa = PBXGroup;
			children = (
				7D415A5B2481016500A66FB4 /* Order.swift */,
			);
			path = Models;
			sourceTree = "<group>";
		};
		7D415A4F248100D300A66FB4 /* ViewModels */ = {
			isa = PBXGroup;
			children = (
				7D415A582481015C00A66FB4 /* AddCoffeeOrderViewModel.swift */,
				7D415A572481015C00A66FB4 /* OrderViewModel.swift */,
			);
			path = ViewModels;
			sourceTree = "<group>";
		};
/* End PBXGroup section */

/* Begin PBXNativeTarget section */
		7D415A342481009F00A66FB4 /* OrderCoffee */ = {
			isa = PBXNativeTarget;
			buildConfigurationList = 7D415A49248100A000A66FB4 /* Build configuration list for PBXNativeTarget "OrderCoffee" */;
			buildPhases = (
				7D415A312481009F00A66FB4 /* Sources */,
				7D415A322481009F00A66FB4 /* Frameworks */,
				7D415A332481009F00A66FB4 /* Resources */,
			);
			buildRules = (
			);
			dependencies = (
			);
			name = OrderCoffee;
			productName = OrderCoffee;
			productReference = 7D415A352481009F00A66FB4 /* OrderCoffee.app */;
			productType = "com.apple.product-type.application";
		};
/* End PBXNativeTarget section */

/* Begin PBXProject section */
		7D415A2D2481009F00A66FB4 /* Project object */ = {
			isa = PBXProject;
			attributes = {
				LastSwiftUpdateCheck = 1150;
				LastUpgradeCheck = 1150;
				ORGANIZATIONNAME = "Anuranjan Bose";
				TargetAttributes = {
					7D415A342481009F00A66FB4 = {
						CreatedOnToolsVersion = 11.5;
					};
				};
			};
			buildConfigurationList = 7D415A302481009F00A66FB4 /* Build configuration list for PBXProject "OrderCoffee" */;
			compatibilityVersion = "Xcode 9.3";
			developmentRegion = en;
			hasScannedForEncodings = 0;
			knownRegions = (
				en,
				Base,
			);
			mainGroup = 7D415A2C2481009F00A66FB4;
			productRefGroup = 7D415A362481009F00A66FB4 /* Products */;
			projectDirPath = "";
			projectRoot = "";
			targets = (
				7D415A342481009F00A66FB4 /* OrderCoffee */,
			);
		};
/* End PBXProject section */

/* Begin PBXResourcesBuildPhase section */
		7D415A332481009F00A66FB4 /* Resources */ = {
			isa = PBXResourcesBuildPhase;
			buildActionMask = 2147483647;
			files = (
				7D415A562481015100A66FB4 /* Main.storyboard in Resources */,
				7D415A45248100A000A66FB4 /* LaunchScreen.storyboard in Resources */,
				7D415A42248100A000A66FB4 /* Assets.xcassets in Resources */,
			);
			runOnlyForDeploymentPostprocessing = 0;
		};
/* End PBXResourcesBuildPhase section */

/* Begin PBXSourcesBuildPhase section */
		7D415A312481009F00A66FB4 /* Sources */ = {
			isa = PBXSourcesBuildPhase;
			buildActionMask = 2147483647;
			files = (
				7D415A392481009F00A66FB4 /* AppDelegate.swift in Sources */,
				7D415A5A2481015C00A66FB4 /* AddCoffeeOrderViewModel.swift in Sources */,
				7D415A5E2481016C00A66FB4 /* Webservice.swift in Sources */,
				7D415A3B2481009F00A66FB4 /* SceneDelegate.swift in Sources */,
				7D415A592481015C00A66FB4 /* OrderViewModel.swift in Sources */,
				7D415A522481011400A66FB4 /* OrdersTableViewController.swift in Sources */,
				7D415A532481011400A66FB4 /* AddOrderViewController.swift in Sources */,
				7D415A5C2481016500A66FB4 /* Order.swift in Sources */,
			);
			runOnlyForDeploymentPostprocessing = 0;
		};
/* End PBXSourcesBuildPhase section */

/* Begin PBXVariantGroup section */
		7D415A43248100A000A66FB4 /* LaunchScreen.storyboard */ = {
			isa = PBXVariantGroup;
			children = (
				7D415A44248100A000A66FB4 /* Base */,
			);
			name = LaunchScreen.storyboard;
			sourceTree = "<group>";
		};
		7D415A542481015100A66FB4 /* Main.storyboard */ = {
			isa = PBXVariantGroup;
			children = (
				7D415A552481015100A66FB4 /* Base */,
			);
			name = Main.storyboard;
			sourceTree = "<group>";
		};
/* End PBXVariantGroup section */

/* Begin XCBuildConfiguration section */
		7D415A47248100A000A66FB4 /* Debug */ = {
			isa = XCBuildConfiguration;
			buildSettings = {
				ALWAYS_SEARCH_USER_PATHS = NO;
				CLANG_ANALYZER_NONNULL = YES;
				CLANG_ANALYZER_NUMBER_OBJECT_CONVERSION = YES_AGGRESSIVE;
				CLANG_CXX_LANGUAGE_STANDARD = "gnu++14";
				CLANG_CXX_LIBRARY = "libc++";
				CLANG_ENABLE_MODULES = YES;
				CLANG_ENABLE_OBJC_ARC = YES;
				CLANG_ENABLE_OBJC_WEAK = YES;
				CLANG_WARN_BLOCK_CAPTURE_AUTORELEASING = YES;
				CLANG_WARN_BOOL_CONVERSION = YES;
				CLANG_WARN_COMMA = YES;
				CLANG_WARN_CONSTANT_CONVERSION = YES;
				CLANG_WARN_DEPRECATED_OBJC_IMPLEMENTATIONS = YES;
				CLANG_WARN_DIRECT_OBJC_ISA_USAGE = YES_ERROR;
				CLANG_WARN_DOCUMENTATION_COMMENTS = YES;
				CLANG_WARN_EMPTY_BODY = YES;
				CLANG_WARN_ENUM_CONVERSION = YES;
				CLANG_WARN_INFINITE_RECURSION = YES;
				CLANG_WARN_INT_CONVERSION = YES;
				CLANG_WARN_NON_LITERAL_NULL_CONVERSION = YES;
				CLANG_WARN_OBJC_IMPLICIT_RETAIN_SELF = YES;
				CLANG_WARN_OBJC_LITERAL_CONVERSION = YES;
				CLANG_WARN_OBJC_ROOT_CLASS = YES_ERROR;
				CLANG_WARN_RANGE_LOOP_ANALYSIS = YES;
				CLANG_WARN_STRICT_PROTOTYPES = YES;
				CLANG_WARN_SUSPICIOUS_MOVE = YES;
				CLANG_WARN_UNGUARDED_AVAILABILITY = YES_AGGRESSIVE;
				CLANG_WARN_UNREACHABLE_CODE = YES;
				CLANG_WARN__DUPLICATE_METHOD_MATCH = YES;
				COPY_PHASE_STRIP = NO;
				DEBUG_INFORMATION_FORMAT = dwarf;
				ENABLE_STRICT_OBJC_MSGSEND = YES;
				ENABLE_TESTABILITY = YES;
				GCC_C_LANGUAGE_STANDARD = gnu11;
				GCC_DYNAMIC_NO_PIC = NO;
				GCC_NO_COMMON_BLOCKS = YES;
				GCC_OPTIMIZATION_LEVEL = 0;
				GCC_PREPROCESSOR_DEFINITIONS = (
					"DEBUG=1",
					"$(inherited)",
				);
				GCC_WARN_64_TO_32_BIT_CONVERSION = YES;
				GCC_WARN_ABOUT_RETURN_TYPE = YES_ERROR;
				GCC_WARN_UNDECLARED_SELECTOR = YES;
				GCC_WARN_UNINITIALIZED_AUTOS = YES_AGGRESSIVE;
				GCC_WARN_UNUSED_FUNCTION = YES;
				GCC_WARN_UNUSED_VARIABLE = YES;
				IPHONEOS_DEPLOYMENT_TARGET = 13.5;
				MTL_ENABLE_DEBUG_INFO = INCLUDE_SOURCE;
				MTL_FAST_MATH = YES;
				ONLY_ACTIVE_ARCH = YES;
				SDKROOT = iphoneos;
				SWIFT_ACTIVE_COMPILATION_CONDITIONS = DEBUG;
				SWIFT_OPTIMIZATION_LEVEL = "-Onone";
			};
			name = Debug;
		};
		7D415A48248100A000A66FB4 /* Release */ = {
			isa = XCBuildConfiguration;
			buildSettings = {
				ALWAYS_SEARCH_USER_PATHS = NO;
				CLANG_ANALYZER_NONNULL = YES;
				CLANG_ANALYZER_NUMBER_OBJECT_CONVERSION = YES_AGGRESSIVE;
				CLANG_CXX_LANGUAGE_STANDARD = "gnu++14";
				CLANG_CXX_LIBRARY = "libc++";
				CLANG_ENABLE_MODULES = YES;
				CLANG_ENABLE_OBJC_ARC = YES;
				CLANG_ENABLE_OBJC_WEAK = YES;
				CLANG_WARN_BLOCK_CAPTURE_AUTORELEASING = YES;
				CLANG_WARN_BOOL_CONVERSION = YES;
				CLANG_WARN_COMMA = YES;
				CLANG_WARN_CONSTANT_CONVERSION = YES;
				CLANG_WARN_DEPRECATED_OBJC_IMPLEMENTATIONS = YES;
				CLANG_WARN_DIRECT_OBJC_ISA_USAGE = YES_ERROR;
				CLANG_WARN_DOCUMENTATION_COMMENTS = YES;
				CLANG_WARN_EMPTY_BODY = YES;
				CLANG_WARN_ENUM_CONVERSION = YES;
				CLANG_WARN_INFINITE_RECURSION = YES;
				CLANG_WARN_INT_CONVERSION = YES;
				CLANG_WARN_NON_LITERAL_NULL_CONVERSION = YES;
				CLANG_WARN_OBJC_IMPLICIT_RETAIN_SELF = YES;
				CLANG_WARN_OBJC_LITERAL_CONVERSION = YES;
				CLANG_WARN_OBJC_ROOT_CLASS = YES_ERROR;
				CLANG_WARN_RANGE_LOOP_ANALYSIS = YES;
				CLANG_WARN_STRICT_PROTOTYPES = YES;
				CLANG_WARN_SUSPICIOUS_MOVE = YES;
				CLANG_WARN_UNGUARDED_AVAILABILITY = YES_AGGRESSIVE;
				CLANG_WARN_UNREACHABLE_CODE = YES;
				CLANG_WARN__DUPLICATE_METHOD_MATCH = YES;
				COPY_PHASE_STRIP = NO;
				DEBUG_INFORMATION_FORMAT = "dwarf-with-dsym";
				ENABLE_NS_ASSERTIONS = NO;
				ENABLE_STRICT_OBJC_MSGSEND = YES;
				GCC_C_LANGUAGE_STANDARD = gnu11;
				GCC_NO_COMMON_BLOCKS = YES;
				GCC_WARN_64_TO_32_BIT_CONVERSION = YES;
				GCC_WARN_ABOUT_RETURN_TYPE = YES_ERROR;
				GCC_WARN_UNDECLARED_SELECTOR = YES;
				GCC_WARN_UNINITIALIZED_AUTOS = YES_AGGRESSIVE;
				GCC_WARN_UNUSED_FUNCTION = YES;
				GCC_WARN_UNUSED_VARIABLE = YES;
				IPHONEOS_DEPLOYMENT_TARGET = 13.5;
				MTL_ENABLE_DEBUG_INFO = NO;
				MTL_FAST_MATH = YES;
				SDKROOT = iphoneos;
				SWIFT_COMPILATION_MODE = wholemodule;
				SWIFT_OPTIMIZATION_LEVEL = "-O";
				VALIDATE_PRODUCT = YES;
			};
			name = Release;
		};
		7D415A4A248100A000A66FB4 /* Debug */ = {
			isa = XCBuildConfiguration;
			buildSettings = {
				ASSETCATALOG_COMPILER_APPICON_NAME = AppIcon;
				CODE_SIGN_STYLE = Automatic;
				INFOPLIST_FILE = OrderCoffee/Info.plist;
				LD_RUNPATH_SEARCH_PATHS = (
					"$(inherited)",
					"@executable_path/Frameworks",
				);
				PRODUCT_BUNDLE_IDENTIFIER = com.anuranjanbose.OrderCoffee;
				PRODUCT_NAME = "$(TARGET_NAME)";
				SWIFT_VERSION = 5.0;
				TARGETED_DEVICE_FAMILY = "1,2";
			};
			name = Debug;
		};
		7D415A4B248100A000A66FB4 /* Release */ = {
			isa = XCBuildConfiguration;
			buildSettings = {
				ASSETCATALOG_COMPILER_APPICON_NAME = AppIcon;
				CODE_SIGN_STYLE = Automatic;
				INFOPLIST_FILE = OrderCoffee/Info.plist;
				LD_RUNPATH_SEARCH_PATHS = (
					"$(inherited)",
					"@executable_path/Frameworks",
				);
				PRODUCT_BUNDLE_IDENTIFIER = com.anuranjanbose.OrderCoffee;
				PRODUCT_NAME = "$(TARGET_NAME)";
				SWIFT_VERSION = 5.0;
				TARGETED_DEVICE_FAMILY = "1,2";
			};
			name = Release;
		};
/* End XCBuildConfiguration section */

/* Begin XCConfigurationList section */
		7D415A302481009F00A66FB4 /* Build configuration list for PBXProject "OrderCoffee" */ = {
			isa = XCConfigurationList;
			buildConfigurations = (
				7D415A47248100A000A66FB4 /* Debug */,
				7D415A48248100A000A66FB4 /* Release */,
			);
			defaultConfigurationIsVisible = 0;
			defaultConfigurationName = Release;
		};
		7D415A49248100A000A66FB4 /* Build configuration list for PBXNativeTarget "OrderCoffee" */ = {
			isa = XCConfigurationList;
			buildConfigurations = (
				7D415A4A248100A000A66FB4 /* Debug */,
				7D415A4B248100A000A66FB4 /* Release */,
			);
			defaultConfigurationIsVisible = 0;
			defaultConfigurationName = Release;
		};
/* End XCConfigurationList section */
	};
	rootObject = 7D415A2D2481009F00A66FB4 /* Project object */;
}
